PODS:
  - Alamofire (4.5.1)
  - Kingfisher (4.2.0)
  - ObjectMapper (3.0.0)
  - PromiseKit (4.5.0):
    - PromiseKit/Foundation (= 4.5.0)
    - PromiseKit/QuartzCore (= 4.5.0)
    - PromiseKit/UIKit (= 4.5.0)
  - PromiseKit/CorePromise (4.5.0)
  - PromiseKit/Foundation (4.5.0):
    - PromiseKit/CorePromise
  - PromiseKit/QuartzCore (4.5.0):
    - PromiseKit/CorePromise
  - PromiseKit/UIKit (4.5.0):
    - PromiseKit/CorePromise
  - SDWebImage (4.2.2):
    - SDWebImage/Core (= 4.2.2)
  - SDWebImage/Core (4.2.2)
  - STTwitter (0.2.6)
  - SwiftyJSON (4.0.0)
  - TwitterCore (3.0.2)
  - TwitterKit (3.2.1):
    - TwitterCore (>= 3.0.2)

DEPENDENCIES:
  - Alamofire (~> 4.5)
  - Kingfisher (~> 4.0)
  - ObjectMapper (~> 3.0.0)
  - PromiseKit (~> 4.5)
  - SDWebImage (~> 4.0)
  - STTwitter
  - SwiftyJSON
  - TwitterKit

SPEC CHECKSUMS:
  Alamofire: 2d95912bf4c34f164fdfc335872e8c312acaea4a
  Kingfisher: 9ee7e788d8ba07c3f21ce0d43f33cec310a4f781
  ObjectMapper: 92230db59bf8f341a5c3a3cf0b9fbdde3cf0d87f
  PromiseKit: 9c1d9f6d7b65e3951a90bea7f407c56972be5d8e
  SDWebImage: 89a9d32cd520bbb46eb14e541d5109b3564af198
  STTwitter: 30ee2f79eff78c3d633a1edc869e97db9c9ead59
  SwiftyJSON: 070dabdcb1beb81b247c65ffa3a79dbbfb3b48aa
  TwitterCore: e0420b01e02e7d20e94690e37f43e75de219ab8d
  TwitterKit: 205ac89824bbfe9e85a16c420d30bb7bcbedac45

PODFILE CHECKSUM: 1eee3626fb41288a72c58cc8a7437f1e022dc0cf

COCOAPODS: 1.3.1
